// !$*UTF8*$!
{
	archiveVersion = 1;
	classes = {
	};
	objectVersion = 55;
	objects = {

/* Begin PBXBuildFile section */
		7E7EABB928634EEC000D0708 /* CGFloat+Extensions.swift in Sources */ = {isa = PBXBuildFile; fileRef = 7E7EABB828634EEC000D0708 /* CGFloat+Extensions.swift */; };
		8A6A74BC1AFB7F4AAC938391 /* Pods_FinanceApp_FinanceAppUITests.framework in Frameworks */ = {isa = PBXBuildFile; fileRef = C946FFBB1CF0BC6EA8CE5C71 /* Pods_FinanceApp_FinanceAppUITests.framework */; };
		91B22F4E1EB073F4F284C702 /* Pods_FinanceAppTests.framework in Frameworks */ = {isa = PBXBuildFile; fileRef = 72C64E2B3C74CACBB5001ED2 /* Pods_FinanceAppTests.framework */; };
		C622F4E32866F7DF00C89F0E /* ImageLoader.swift in Sources */ = {isa = PBXBuildFile; fileRef = C622F4E22866F7DF00C89F0E /* ImageLoader.swift */; };
		C64E37FC2861E40500226609 /* CoinCollectionViewCell.swift in Sources */ = {isa = PBXBuildFile; fileRef = C64E37FB2861E40500226609 /* CoinCollectionViewCell.swift */; };
		C64E37FE2861E57E00226609 /* Coin.swift in Sources */ = {isa = PBXBuildFile; fileRef = C64E37FD2861E57E00226609 /* Coin.swift */; };
		C66621D82864557700E2F040 /* ViewDetailsController.swift in Sources */ = {isa = PBXBuildFile; fileRef = C66621D72864557700E2F040 /* ViewDetailsController.swift */; };
		C66621DA28648A5F00E2F040 /* APIData.swift in Sources */ = {isa = PBXBuildFile; fileRef = C66621D928648A5F00E2F040 /* APIData.swift */; };
		C9A430AA285C9CE100CC0678 /* AppDelegate.swift in Sources */ = {isa = PBXBuildFile; fileRef = C9A430A9285C9CE100CC0678 /* AppDelegate.swift */; };
		C9A430AC285C9CE100CC0678 /* SceneDelegate.swift in Sources */ = {isa = PBXBuildFile; fileRef = C9A430AB285C9CE100CC0678 /* SceneDelegate.swift */; };
		C9A430AE285C9CE100CC0678 /* ViewController.swift in Sources */ = {isa = PBXBuildFile; fileRef = C9A430AD285C9CE100CC0678 /* ViewController.swift */; };
		C9A430B1285C9CE100CC0678 /* Main.storyboard in Resources */ = {isa = PBXBuildFile; fileRef = C9A430AF285C9CE100CC0678 /* Main.storyboard */; };
		C9A430B3285C9CE200CC0678 /* Assets.xcassets in Resources */ = {isa = PBXBuildFile; fileRef = C9A430B2285C9CE200CC0678 /* Assets.xcassets */; };
		C9A430B6285C9CE200CC0678 /* LaunchScreen.storyboard in Resources */ = {isa = PBXBuildFile; fileRef = C9A430B4285C9CE200CC0678 /* LaunchScreen.storyboard */; };
		C9A430C1285C9CE200CC0678 /* FinanceAppTests.swift in Sources */ = {isa = PBXBuildFile; fileRef = C9A430C0285C9CE200CC0678 /* FinanceAppTests.swift */; };
		C9A430CB285C9CE200CC0678 /* FinanceAppUITests.swift in Sources */ = {isa = PBXBuildFile; fileRef = C9A430CA285C9CE200CC0678 /* FinanceAppUITests.swift */; };
		C9A430CD285C9CE200CC0678 /* FinanceAppUITestsLaunchTests.swift in Sources */ = {isa = PBXBuildFile; fileRef = C9A430CC285C9CE200CC0678 /* FinanceAppUITestsLaunchTests.swift */; };
		E20256F468C8D1FC703286EF /* Pods_FinanceApp.framework in Frameworks */ = {isa = PBXBuildFile; fileRef = 6C8BE3871F5D2F6F53D74813 /* Pods_FinanceApp.framework */; };
/* End PBXBuildFile section */

/* Begin PBXContainerItemProxy section */
		C9A430BD285C9CE200CC0678 /* PBXContainerItemProxy */ = {
			isa = PBXContainerItemProxy;
			containerPortal = C9A4309E285C9CE100CC0678 /* Project object */;
			proxyType = 1;
			remoteGlobalIDString = C9A430A5285C9CE100CC0678;
			remoteInfo = FinanceApp;
		};
		C9A430C7285C9CE200CC0678 /* PBXContainerItemProxy */ = {
			isa = PBXContainerItemProxy;
			containerPortal = C9A4309E285C9CE100CC0678 /* Project object */;
			proxyType = 1;
			remoteGlobalIDString = C9A430A5285C9CE100CC0678;
			remoteInfo = FinanceApp;
		};
/* End PBXContainerItemProxy section */

/* Begin PBXFileReference section */
		09CC5FD81DB259DD0133F1E9 /* Pods-FinanceApp-FinanceAppUITests.debug.xcconfig */ = {isa = PBXFileReference; includeInIndex = 1; lastKnownFileType = text.xcconfig; name = "Pods-FinanceApp-FinanceAppUITests.debug.xcconfig"; path = "Target Support Files/Pods-FinanceApp-FinanceAppUITests/Pods-FinanceApp-FinanceAppUITests.debug.xcconfig"; sourceTree = "<group>"; };
		1E3A47EDCA35D59653B8E671 /* Pods-FinanceApp.release.xcconfig */ = {isa = PBXFileReference; includeInIndex = 1; lastKnownFileType = text.xcconfig; name = "Pods-FinanceApp.release.xcconfig"; path = "Target Support Files/Pods-FinanceApp/Pods-FinanceApp.release.xcconfig"; sourceTree = "<group>"; };
		4DB8101E448AEBB227E092C1 /* Pods-FinanceApp-FinanceAppUITests.release.xcconfig */ = {isa = PBXFileReference; includeInIndex = 1; lastKnownFileType = text.xcconfig; name = "Pods-FinanceApp-FinanceAppUITests.release.xcconfig"; path = "Target Support Files/Pods-FinanceApp-FinanceAppUITests/Pods-FinanceApp-FinanceAppUITests.release.xcconfig"; sourceTree = "<group>"; };
		5657808E6685FF53BFB77606 /* Pods-FinanceAppTests.debug.xcconfig */ = {isa = PBXFileReference; includeInIndex = 1; lastKnownFileType = text.xcconfig; name = "Pods-FinanceAppTests.debug.xcconfig"; path = "Target Support Files/Pods-FinanceAppTests/Pods-FinanceAppTests.debug.xcconfig"; sourceTree = "<group>"; };
		6C8BE3871F5D2F6F53D74813 /* Pods_FinanceApp.framework */ = {isa = PBXFileReference; explicitFileType = wrapper.framework; includeInIndex = 0; path = Pods_FinanceApp.framework; sourceTree = BUILT_PRODUCTS_DIR; };
		6EAB1818C36119EB8C70015A /* Pods-FinanceApp.debug.xcconfig */ = {isa = PBXFileReference; includeInIndex = 1; lastKnownFileType = text.xcconfig; name = "Pods-FinanceApp.debug.xcconfig"; path = "Target Support Files/Pods-FinanceApp/Pods-FinanceApp.debug.xcconfig"; sourceTree = "<group>"; };
		72C64E2B3C74CACBB5001ED2 /* Pods_FinanceAppTests.framework */ = {isa = PBXFileReference; explicitFileType = wrapper.framework; includeInIndex = 0; path = Pods_FinanceAppTests.framework; sourceTree = BUILT_PRODUCTS_DIR; };
		7E7EABB828634EEC000D0708 /* CGFloat+Extensions.swift */ = {isa = PBXFileReference; lastKnownFileType = sourcecode.swift; path = "CGFloat+Extensions.swift"; sourceTree = "<group>"; };
		C622F4E22866F7DF00C89F0E /* ImageLoader.swift */ = {isa = PBXFileReference; lastKnownFileType = sourcecode.swift; path = ImageLoader.swift; sourceTree = "<group>"; };
		C64E37FB2861E40500226609 /* CoinCollectionViewCell.swift */ = {isa = PBXFileReference; lastKnownFileType = sourcecode.swift; path = CoinCollectionViewCell.swift; sourceTree = "<group>"; };
		C64E37FD2861E57E00226609 /* Coin.swift */ = {isa = PBXFileReference; lastKnownFileType = sourcecode.swift; path = Coin.swift; sourceTree = "<group>"; };
		C66621D72864557700E2F040 /* ViewDetailsController.swift */ = {isa = PBXFileReference; lastKnownFileType = sourcecode.swift; path = ViewDetailsController.swift; sourceTree = "<group>"; };
		C66621D928648A5F00E2F040 /* APIData.swift */ = {isa = PBXFileReference; lastKnownFileType = sourcecode.swift; path = APIData.swift; sourceTree = "<group>"; };
		C946FFBB1CF0BC6EA8CE5C71 /* Pods_FinanceApp_FinanceAppUITests.framework */ = {isa = PBXFileReference; explicitFileType = wrapper.framework; includeInIndex = 0; path = Pods_FinanceApp_FinanceAppUITests.framework; sourceTree = BUILT_PRODUCTS_DIR; };
		C9A430A6285C9CE100CC0678 /* FinanceApp.app */ = {isa = PBXFileReference; explicitFileType = wrapper.application; includeInIndex = 0; path = FinanceApp.app; sourceTree = BUILT_PRODUCTS_DIR; };
		C9A430A9285C9CE100CC0678 /* AppDelegate.swift */ = {isa = PBXFileReference; lastKnownFileType = sourcecode.swift; path = AppDelegate.swift; sourceTree = "<group>"; };
		C9A430AB285C9CE100CC0678 /* SceneDelegate.swift */ = {isa = PBXFileReference; lastKnownFileType = sourcecode.swift; path = SceneDelegate.swift; sourceTree = "<group>"; };
		C9A430AD285C9CE100CC0678 /* ViewController.swift */ = {isa = PBXFileReference; lastKnownFileType = sourcecode.swift; path = ViewController.swift; sourceTree = "<group>"; };
		C9A430B0285C9CE100CC0678 /* Base */ = {isa = PBXFileReference; lastKnownFileType = file.storyboard; name = Base; path = Base.lproj/Main.storyboard; sourceTree = "<group>"; };
		C9A430B2285C9CE200CC0678 /* Assets.xcassets */ = {isa = PBXFileReference; lastKnownFileType = folder.assetcatalog; path = Assets.xcassets; sourceTree = "<group>"; };
		C9A430B5285C9CE200CC0678 /* Base */ = {isa = PBXFileReference; lastKnownFileType = file.storyboard; name = Base; path = Base.lproj/LaunchScreen.storyboard; sourceTree = "<group>"; };
		C9A430B7285C9CE200CC0678 /* Info.plist */ = {isa = PBXFileReference; lastKnownFileType = text.plist.xml; path = Info.plist; sourceTree = "<group>"; };
		C9A430BC285C9CE200CC0678 /* FinanceAppTests.xctest */ = {isa = PBXFileReference; explicitFileType = wrapper.cfbundle; includeInIndex = 0; path = FinanceAppTests.xctest; sourceTree = BUILT_PRODUCTS_DIR; };
		C9A430C0285C9CE200CC0678 /* FinanceAppTests.swift */ = {isa = PBXFileReference; lastKnownFileType = sourcecode.swift; path = FinanceAppTests.swift; sourceTree = "<group>"; };
		C9A430C6285C9CE200CC0678 /* FinanceAppUITests.xctest */ = {isa = PBXFileReference; explicitFileType = wrapper.cfbundle; includeInIndex = 0; path = FinanceAppUITests.xctest; sourceTree = BUILT_PRODUCTS_DIR; };
		C9A430CA285C9CE200CC0678 /* FinanceAppUITests.swift */ = {isa = PBXFileReference; lastKnownFileType = sourcecode.swift; path = FinanceAppUITests.swift; sourceTree = "<group>"; };
		C9A430CC285C9CE200CC0678 /* FinanceAppUITestsLaunchTests.swift */ = {isa = PBXFileReference; lastKnownFileType = sourcecode.swift; path = FinanceAppUITestsLaunchTests.swift; sourceTree = "<group>"; };
		DCA244B489A36AA023DA2240 /* Pods-FinanceAppTests.release.xcconfig */ = {isa = PBXFileReference; includeInIndex = 1; lastKnownFileType = text.xcconfig; name = "Pods-FinanceAppTests.release.xcconfig"; path = "Target Support Files/Pods-FinanceAppTests/Pods-FinanceAppTests.release.xcconfig"; sourceTree = "<group>"; };
/* End PBXFileReference section */

/* Begin PBXFrameworksBuildPhase section */
		C9A430A3285C9CE100CC0678 /* Frameworks */ = {
			isa = PBXFrameworksBuildPhase;
			buildActionMask = 2147483647;
			files = (
				E20256F468C8D1FC703286EF /* Pods_FinanceApp.framework in Frameworks */,
			);
			runOnlyForDeploymentPostprocessing = 0;
		};
		C9A430B9285C9CE200CC0678 /* Frameworks */ = {
			isa = PBXFrameworksBuildPhase;
			buildActionMask = 2147483647;
			files = (
				91B22F4E1EB073F4F284C702 /* Pods_FinanceAppTests.framework in Frameworks */,
			);
			runOnlyForDeploymentPostprocessing = 0;
		};
		C9A430C3285C9CE200CC0678 /* Frameworks */ = {
			isa = PBXFrameworksBuildPhase;
			buildActionMask = 2147483647;
			files = (
				8A6A74BC1AFB7F4AAC938391 /* Pods_FinanceApp_FinanceAppUITests.framework in Frameworks */,
			);
			runOnlyForDeploymentPostprocessing = 0;
		};
/* End PBXFrameworksBuildPhase section */

/* Begin PBXGroup section */
		2DE7ED3D79E1DB5ADBB089BB /* Pods */ = {
			isa = PBXGroup;
			children = (
				6EAB1818C36119EB8C70015A /* Pods-FinanceApp.debug.xcconfig */,
				1E3A47EDCA35D59653B8E671 /* Pods-FinanceApp.release.xcconfig */,
				09CC5FD81DB259DD0133F1E9 /* Pods-FinanceApp-FinanceAppUITests.debug.xcconfig */,
				4DB8101E448AEBB227E092C1 /* Pods-FinanceApp-FinanceAppUITests.release.xcconfig */,
				5657808E6685FF53BFB77606 /* Pods-FinanceAppTests.debug.xcconfig */,
				DCA244B489A36AA023DA2240 /* Pods-FinanceAppTests.release.xcconfig */,
			);
			name = Pods;
			path = Pods;
			sourceTree = "<group>";
		};
		7E7EABB728634EC4000D0708 /* Extensions */ = {
			isa = PBXGroup;
			children = (
				7E7EABB828634EEC000D0708 /* CGFloat+Extensions.swift */,
			);
			path = Extensions;
			sourceTree = "<group>";
		};
		C622F4E42866FBD500C89F0E /* Model */ = {
			isa = PBXGroup;
			children = (
				C64E37FD2861E57E00226609 /* Coin.swift */,
			);
			path = Model;
			sourceTree = "<group>";
		};
		C622F4E52866FBF300C89F0E /* Controller */ = {
			isa = PBXGroup;
			children = (
				C64E37FB2861E40500226609 /* CoinCollectionViewCell.swift */,
				C66621D72864557700E2F040 /* ViewDetailsController.swift */,
				C9A430AD285C9CE100CC0678 /* ViewController.swift */,
			);
			path = Controller;
			sourceTree = "<group>";
		};
		C622F4E62866FC8900C89F0E /* API */ = {
			isa = PBXGroup;
			children = (
				C66621D928648A5F00E2F040 /* APIData.swift */,
			);
			path = API;
			sourceTree = "<group>";
		};
		C622F4E92867087E00C89F0E /* URL */ = {
			isa = PBXGroup;
			children = (
				C622F4E22866F7DF00C89F0E /* ImageLoader.swift */,
			);
			path = URL;
			sourceTree = "<group>";
		};
		C9A4309D285C9CE100CC0678 = {
			isa = PBXGroup;
			children = (
				C9A430A8285C9CE100CC0678 /* FinanceApp */,
				C9A430BF285C9CE200CC0678 /* FinanceAppTests */,
				C9A430C9285C9CE200CC0678 /* FinanceAppUITests */,
				C9A430A7285C9CE100CC0678 /* Products */,
				2DE7ED3D79E1DB5ADBB089BB /* Pods */,
				E917B6E72416245119D348D9 /* Frameworks */,
			);
			sourceTree = "<group>";
		};
		C9A430A7285C9CE100CC0678 /* Products */ = {
			isa = PBXGroup;
			children = (
				C9A430A6285C9CE100CC0678 /* FinanceApp.app */,
				C9A430BC285C9CE200CC0678 /* FinanceAppTests.xctest */,
				C9A430C6285C9CE200CC0678 /* FinanceAppUITests.xctest */,
			);
			name = Products;
			sourceTree = "<group>";
		};
		C9A430A8285C9CE100CC0678 /* FinanceApp */ = {
			isa = PBXGroup;
			children = (
				C622F4E92867087E00C89F0E /* URL */,
				C622F4E62866FC8900C89F0E /* API */,
				C622F4E52866FBF300C89F0E /* Controller */,
				C622F4E42866FBD500C89F0E /* Model */,
				7E7EABB728634EC4000D0708 /* Extensions */,
				C9A430A9285C9CE100CC0678 /* AppDelegate.swift */,
				C9A430AB285C9CE100CC0678 /* SceneDelegate.swift */,
				C9A430AF285C9CE100CC0678 /* Main.storyboard */,
				C9A430B2285C9CE200CC0678 /* Assets.xcassets */,
				C9A430B4285C9CE200CC0678 /* LaunchScreen.storyboard */,
				C9A430B7285C9CE200CC0678 /* Info.plist */,
			);
			path = FinanceApp;
			sourceTree = "<group>";
		};
		C9A430BF285C9CE200CC0678 /* FinanceAppTests */ = {
			isa = PBXGroup;
			children = (
				C9A430C0285C9CE200CC0678 /* FinanceAppTests.swift */,
			);
			path = FinanceAppTests;
			sourceTree = "<group>";
		};
		C9A430C9285C9CE200CC0678 /* FinanceAppUITests */ = {
			isa = PBXGroup;
			children = (
				C9A430CA285C9CE200CC0678 /* FinanceAppUITests.swift */,
				C9A430CC285C9CE200CC0678 /* FinanceAppUITestsLaunchTests.swift */,
			);
			path = FinanceAppUITests;
			sourceTree = "<group>";
		};
		E917B6E72416245119D348D9 /* Frameworks */ = {
			isa = PBXGroup;
			children = (
				6C8BE3871F5D2F6F53D74813 /* Pods_FinanceApp.framework */,
				C946FFBB1CF0BC6EA8CE5C71 /* Pods_FinanceApp_FinanceAppUITests.framework */,
				72C64E2B3C74CACBB5001ED2 /* Pods_FinanceAppTests.framework */,
			);
			name = Frameworks;
			sourceTree = "<group>";
		};
/* End PBXGroup section */

/* Begin PBXNativeTarget section */
		C9A430A5285C9CE100CC0678 /* FinanceApp */ = {
			isa = PBXNativeTarget;
			buildConfigurationList = C9A430D0285C9CE200CC0678 /* Build configuration list for PBXNativeTarget "FinanceApp" */;
			buildPhases = (
				171924B55C4823B1E3FC39EA /* [CP] Check Pods Manifest.lock */,
				C9A430A2285C9CE100CC0678 /* Sources */,
				C9A430A3285C9CE100CC0678 /* Frameworks */,
				C9A430A4285C9CE100CC0678 /* Resources */,
			);
			buildRules = (
			);
			dependencies = (
			);
			name = FinanceApp;
			productName = FinanceApp;
			productReference = C9A430A6285C9CE100CC0678 /* FinanceApp.app */;
			productType = "com.apple.product-type.application";
		};
		C9A430BB285C9CE200CC0678 /* FinanceAppTests */ = {
			isa = PBXNativeTarget;
			buildConfigurationList = C9A430D3285C9CE200CC0678 /* Build configuration list for PBXNativeTarget "FinanceAppTests" */;
			buildPhases = (
				231F76196EE8D5B241123E6B /* [CP] Check Pods Manifest.lock */,
				C9A430B8285C9CE200CC0678 /* Sources */,
				C9A430B9285C9CE200CC0678 /* Frameworks */,
				C9A430BA285C9CE200CC0678 /* Resources */,
			);
			buildRules = (
			);
			dependencies = (
				C9A430BE285C9CE200CC0678 /* PBXTargetDependency */,
			);
			name = FinanceAppTests;
			productName = FinanceAppTests;
			productReference = C9A430BC285C9CE200CC0678 /* FinanceAppTests.xctest */;
			productType = "com.apple.product-type.bundle.unit-test";
		};
		C9A430C5285C9CE200CC0678 /* FinanceAppUITests */ = {
			isa = PBXNativeTarget;
			buildConfigurationList = C9A430D6285C9CE200CC0678 /* Build configuration list for PBXNativeTarget "FinanceAppUITests" */;
			buildPhases = (
				7BB3E52DC189EF5FF9ABBCBB /* [CP] Check Pods Manifest.lock */,
				C9A430C2285C9CE200CC0678 /* Sources */,
				C9A430C3285C9CE200CC0678 /* Frameworks */,
				C9A430C4285C9CE200CC0678 /* Resources */,
			);
			buildRules = (
			);
			dependencies = (
				C9A430C8285C9CE200CC0678 /* PBXTargetDependency */,
			);
			name = FinanceAppUITests;
			productName = FinanceAppUITests;
			productReference = C9A430C6285C9CE200CC0678 /* FinanceAppUITests.xctest */;
			productType = "com.apple.product-type.bundle.ui-testing";
		};
/* End PBXNativeTarget section */

/* Begin PBXProject section */
		C9A4309E285C9CE100CC0678 /* Project object */ = {
			isa = PBXProject;
			attributes = {
				BuildIndependentTargetsInParallel = 1;
				LastSwiftUpdateCheck = 1330;
				LastUpgradeCheck = 1330;
				TargetAttributes = {
					C9A430A5285C9CE100CC0678 = {
						CreatedOnToolsVersion = 13.3;
					};
					C9A430BB285C9CE200CC0678 = {
						CreatedOnToolsVersion = 13.3;
						TestTargetID = C9A430A5285C9CE100CC0678;
					};
					C9A430C5285C9CE200CC0678 = {
						CreatedOnToolsVersion = 13.3;
						TestTargetID = C9A430A5285C9CE100CC0678;
					};
				};
			};
			buildConfigurationList = C9A430A1285C9CE100CC0678 /* Build configuration list for PBXProject "FinanceApp" */;
			compatibilityVersion = "Xcode 13.0";
			developmentRegion = en;
			hasScannedForEncodings = 0;
			knownRegions = (
				en,
				Base,
			);
			mainGroup = C9A4309D285C9CE100CC0678;
			productRefGroup = C9A430A7285C9CE100CC0678 /* Products */;
			projectDirPath = "";
			projectRoot = "";
			targets = (
				C9A430A5285C9CE100CC0678 /* FinanceApp */,
				C9A430BB285C9CE200CC0678 /* FinanceAppTests */,
				C9A430C5285C9CE200CC0678 /* FinanceAppUITests */,
			);
		};
/* End PBXProject section */

/* Begin PBXResourcesBuildPhase section */
		C9A430A4285C9CE100CC0678 /* Resources */ = {
			isa = PBXResourcesBuildPhase;
			buildActionMask = 2147483647;
			files = (
				C9A430B6285C9CE200CC0678 /* LaunchScreen.storyboard in Resources */,
				C9A430B3285C9CE200CC0678 /* Assets.xcassets in Resources */,
				C9A430B1285C9CE100CC0678 /* Main.storyboard in Resources */,
			);
			runOnlyForDeploymentPostprocessing = 0;
		};
		C9A430BA285C9CE200CC0678 /* Resources */ = {
			isa = PBXResourcesBuildPhase;
			buildActionMask = 2147483647;
			files = (
			);
			runOnlyForDeploymentPostprocessing = 0;
		};
		C9A430C4285C9CE200CC0678 /* Resources */ = {
			isa = PBXResourcesBuildPhase;
			buildActionMask = 2147483647;
			files = (
			);
			runOnlyForDeploymentPostprocessing = 0;
		};
/* End PBXResourcesBuildPhase section */

/* Begin PBXShellScriptBuildPhase section */
		171924B55C4823B1E3FC39EA /* [CP] Check Pods Manifest.lock */ = {
			isa = PBXShellScriptBuildPhase;
			buildActionMask = 2147483647;
			files = (
			);
			inputFileListPaths = (
			);
			inputPaths = (
				"${PODS_PODFILE_DIR_PATH}/Podfile.lock",
				"${PODS_ROOT}/Manifest.lock",
			);
			name = "[CP] Check Pods Manifest.lock";
			outputFileListPaths = (
			);
			outputPaths = (
				"$(DERIVED_FILE_DIR)/Pods-FinanceApp-checkManifestLockResult.txt",
			);
			runOnlyForDeploymentPostprocessing = 0;
			shellPath = /bin/sh;
			shellScript = "diff \"${PODS_PODFILE_DIR_PATH}/Podfile.lock\" \"${PODS_ROOT}/Manifest.lock\" > /dev/null\nif [ $? != 0 ] ; then\n    # print error to STDERR\n    echo \"error: The sandbox is not in sync with the Podfile.lock. Run 'pod install' or update your CocoaPods installation.\" >&2\n    exit 1\nfi\n# This output is used by Xcode 'outputs' to avoid re-running this script phase.\necho \"SUCCESS\" > \"${SCRIPT_OUTPUT_FILE_0}\"\n";
			showEnvVarsInLog = 0;
		};
		231F76196EE8D5B241123E6B /* [CP] Check Pods Manifest.lock */ = {
			isa = PBXShellScriptBuildPhase;
			buildActionMask = 2147483647;
			files = (
			);
			inputFileListPaths = (
			);
			inputPaths = (
				"${PODS_PODFILE_DIR_PATH}/Podfile.lock",
				"${PODS_ROOT}/Manifest.lock",
			);
			name = "[CP] Check Pods Manifest.lock";
			outputFileListPaths = (
			);
			outputPaths = (
				"$(DERIVED_FILE_DIR)/Pods-FinanceAppTests-checkManifestLockResult.txt",
			);
			runOnlyForDeploymentPostprocessing = 0;
			shellPath = /bin/sh;
			shellScript = "diff \"${PODS_PODFILE_DIR_PATH}/Podfile.lock\" \"${PODS_ROOT}/Manifest.lock\" > /dev/null\nif [ $? != 0 ] ; then\n    # print error to STDERR\n    echo \"error: The sandbox is not in sync with the Podfile.lock. Run 'pod install' or update your CocoaPods installation.\" >&2\n    exit 1\nfi\n# This output is used by Xcode 'outputs' to avoid re-running this script phase.\necho \"SUCCESS\" > \"${SCRIPT_OUTPUT_FILE_0}\"\n";
			showEnvVarsInLog = 0;
		};
		7BB3E52DC189EF5FF9ABBCBB /* [CP] Check Pods Manifest.lock */ = {
			isa = PBXShellScriptBuildPhase;
			buildActionMask = 2147483647;
			files = (
			);
			inputFileListPaths = (
			);
			inputPaths = (
				"${PODS_PODFILE_DIR_PATH}/Podfile.lock",
				"${PODS_ROOT}/Manifest.lock",
			);
			name = "[CP] Check Pods Manifest.lock";
			outputFileListPaths = (
			);
			outputPaths = (
				"$(DERIVED_FILE_DIR)/Pods-FinanceApp-FinanceAppUITests-checkManifestLockResult.txt",
			);
			runOnlyForDeploymentPostprocessing = 0;
			shellPath = /bin/sh;
			shellScript = "diff \"${PODS_PODFILE_DIR_PATH}/Podfile.lock\" \"${PODS_ROOT}/Manifest.lock\" > /dev/null\nif [ $? != 0 ] ; then\n    # print error to STDERR\n    echo \"error: The sandbox is not in sync with the Podfile.lock. Run 'pod install' or update your CocoaPods installation.\" >&2\n    exit 1\nfi\n# This output is used by Xcode 'outputs' to avoid re-running this script phase.\necho \"SUCCESS\" > \"${SCRIPT_OUTPUT_FILE_0}\"\n";
			showEnvVarsInLog = 0;
		};
/* End PBXShellScriptBuildPhase section */

/* Begin PBXSourcesBuildPhase section */
		C9A430A2285C9CE100CC0678 /* Sources */ = {
			isa = PBXSourcesBuildPhase;
			buildActionMask = 2147483647;
			files = (
				C9A430AE285C9CE100CC0678 /* ViewController.swift in Sources */,
				7E7EABB928634EEC000D0708 /* CGFloat+Extensions.swift in Sources */,
				C9A430AA285C9CE100CC0678 /* AppDelegate.swift in Sources */,
				C9A430AC285C9CE100CC0678 /* SceneDelegate.swift in Sources */,
				C66621DA28648A5F00E2F040 /* APIData.swift in Sources */,
				C622F4E32866F7DF00C89F0E /* ImageLoader.swift in Sources */,
				C66621D82864557700E2F040 /* ViewDetailsController.swift in Sources */,
				C64E37FE2861E57E00226609 /* Coin.swift in Sources */,
				C64E37FC2861E40500226609 /* CoinCollectionViewCell.swift in Sources */,
			);
			runOnlyForDeploymentPostprocessing = 0;
		};
		C9A430B8285C9CE200CC0678 /* Sources */ = {
			isa = PBXSourcesBuildPhase;
			buildActionMask = 2147483647;
			files = (
				C9A430C1285C9CE200CC0678 /* FinanceAppTests.swift in Sources */,
			);
			runOnlyForDeploymentPostprocessing = 0;
		};
		C9A430C2285C9CE200CC0678 /* Sources */ = {
			isa = PBXSourcesBuildPhase;
			buildActionMask = 2147483647;
			files = (
				C9A430CB285C9CE200CC0678 /* FinanceAppUITests.swift in Sources */,
				C9A430CD285C9CE200CC0678 /* FinanceAppUITestsLaunchTests.swift in Sources */,
			);
			runOnlyForDeploymentPostprocessing = 0;
		};
/* End PBXSourcesBuildPhase section */

/* Begin PBXTargetDependency section */
		C9A430BE285C9CE200CC0678 /* PBXTargetDependency */ = {
			isa = PBXTargetDependency;
			target = C9A430A5285C9CE100CC0678 /* FinanceApp */;
			targetProxy = C9A430BD285C9CE200CC0678 /* PBXContainerItemProxy */;
		};
		C9A430C8285C9CE200CC0678 /* PBXTargetDependency */ = {
			isa = PBXTargetDependency;
			target = C9A430A5285C9CE100CC0678 /* FinanceApp */;
			targetProxy = C9A430C7285C9CE200CC0678 /* PBXContainerItemProxy */;
		};
/* End PBXTargetDependency section */

/* Begin PBXVariantGroup section */
		C9A430AF285C9CE100CC0678 /* Main.storyboard */ = {
			isa = PBXVariantGroup;
			children = (
				C9A430B0285C9CE100CC0678 /* Base */,
			);
			name = Main.storyboard;
			sourceTree = "<group>";
		};
		C9A430B4285C9CE200CC0678 /* LaunchScreen.storyboard */ = {
			isa = PBXVariantGroup;
			children = (
				C9A430B5285C9CE200CC0678 /* Base */,
			);
			name = LaunchScreen.storyboard;
			sourceTree = "<group>";
		};
/* End PBXVariantGroup section */

/* Begin XCBuildConfiguration section */
		C9A430CE285C9CE200CC0678 /* Debug */ = {
			isa = XCBuildConfiguration;
			buildSettings = {
				ALWAYS_SEARCH_USER_PATHS = NO;
				CLANG_ANALYZER_NONNULL = YES;
				CLANG_ANALYZER_NUMBER_OBJECT_CONVERSION = YES_AGGRESSIVE;
				CLANG_CXX_LANGUAGE_STANDARD = "gnu++17";
				CLANG_ENABLE_MODULES = YES;
				CLANG_ENABLE_OBJC_ARC = YES;
				CLANG_ENABLE_OBJC_WEAK = YES;
				CLANG_WARN_BLOCK_CAPTURE_AUTORELEASING = YES;
				CLANG_WARN_BOOL_CONVERSION = YES;
				CLANG_WARN_COMMA = YES;
				CLANG_WARN_CONSTANT_CONVERSION = YES;
				CLANG_WARN_DEPRECATED_OBJC_IMPLEMENTATIONS = YES;
				CLANG_WARN_DIRECT_OBJC_ISA_USAGE = YES_ERROR;
				CLANG_WARN_DOCUMENTATION_COMMENTS = YES;
				CLANG_WARN_EMPTY_BODY = YES;
				CLANG_WARN_ENUM_CONVERSION = YES;
				CLANG_WARN_INFINITE_RECURSION = YES;
				CLANG_WARN_INT_CONVERSION = YES;
				CLANG_WARN_NON_LITERAL_NULL_CONVERSION = YES;
				CLANG_WARN_OBJC_IMPLICIT_RETAIN_SELF = YES;
				CLANG_WARN_OBJC_LITERAL_CONVERSION = YES;
				CLANG_WARN_OBJC_ROOT_CLASS = YES_ERROR;
				CLANG_WARN_QUOTED_INCLUDE_IN_FRAMEWORK_HEADER = YES;
				CLANG_WARN_RANGE_LOOP_ANALYSIS = YES;
				CLANG_WARN_STRICT_PROTOTYPES = YES;
				CLANG_WARN_SUSPICIOUS_MOVE = YES;
				CLANG_WARN_UNGUARDED_AVAILABILITY = YES_AGGRESSIVE;
				CLANG_WARN_UNREACHABLE_CODE = YES;
				CLANG_WARN__DUPLICATE_METHOD_MATCH = YES;
				COPY_PHASE_STRIP = NO;
				DEBUG_INFORMATION_FORMAT = dwarf;
				ENABLE_STRICT_OBJC_MSGSEND = YES;
				ENABLE_TESTABILITY = YES;
				GCC_C_LANGUAGE_STANDARD = gnu11;
				GCC_DYNAMIC_NO_PIC = NO;
				GCC_NO_COMMON_BLOCKS = YES;
				GCC_OPTIMIZATION_LEVEL = 0;
				GCC_PREPROCESSOR_DEFINITIONS = (
					"DEBUG=1",
					"$(inherited)",
				);
				GCC_WARN_64_TO_32_BIT_CONVERSION = YES;
				GCC_WARN_ABOUT_RETURN_TYPE = YES_ERROR;
				GCC_WARN_UNDECLARED_SELECTOR = YES;
				GCC_WARN_UNINITIALIZED_AUTOS = YES_AGGRESSIVE;
				GCC_WARN_UNUSED_FUNCTION = YES;
				GCC_WARN_UNUSED_VARIABLE = YES;
				IPHONEOS_DEPLOYMENT_TARGET = 15.4;
				MTL_ENABLE_DEBUG_INFO = INCLUDE_SOURCE;
				MTL_FAST_MATH = YES;
				ONLY_ACTIVE_ARCH = YES;
				SDKROOT = iphoneos;
				SWIFT_ACTIVE_COMPILATION_CONDITIONS = DEBUG;
				SWIFT_OPTIMIZATION_LEVEL = "-Onone";
			};
			name = Debug;
		};
		C9A430CF285C9CE200CC0678 /* Release */ = {
			isa = XCBuildConfiguration;
			buildSettings = {
				ALWAYS_SEARCH_USER_PATHS = NO;
				CLANG_ANALYZER_NONNULL = YES;
				CLANG_ANALYZER_NUMBER_OBJECT_CONVERSION = YES_AGGRESSIVE;
				CLANG_CXX_LANGUAGE_STANDARD = "gnu++17";
				CLANG_ENABLE_MODULES = YES;
				CLANG_ENABLE_OBJC_ARC = YES;
				CLANG_ENABLE_OBJC_WEAK = YES;
				CLANG_WARN_BLOCK_CAPTURE_AUTORELEASING = YES;
				CLANG_WARN_BOOL_CONVERSION = YES;
				CLANG_WARN_COMMA = YES;
				CLANG_WARN_CONSTANT_CONVERSION = YES;
				CLANG_WARN_DEPRECATED_OBJC_IMPLEMENTATIONS = YES;
				CLANG_WARN_DIRECT_OBJC_ISA_USAGE = YES_ERROR;
				CLANG_WARN_DOCUMENTATION_COMMENTS = YES;
				CLANG_WARN_EMPTY_BODY = YES;
				CLANG_WARN_ENUM_CONVERSION = YES;
				CLANG_WARN_INFINITE_RECURSION = YES;
				CLANG_WARN_INT_CONVERSION = YES;
				CLANG_WARN_NON_LITERAL_NULL_CONVERSION = YES;
				CLANG_WARN_OBJC_IMPLICIT_RETAIN_SELF = YES;
				CLANG_WARN_OBJC_LITERAL_CONVERSION = YES;
				CLANG_WARN_OBJC_ROOT_CLASS = YES_ERROR;
				CLANG_WARN_QUOTED_INCLUDE_IN_FRAMEWORK_HEADER = YES;
				CLANG_WARN_RANGE_LOOP_ANALYSIS = YES;
				CLANG_WARN_STRICT_PROTOTYPES = YES;
				CLANG_WARN_SUSPICIOUS_MOVE = YES;
				CLANG_WARN_UNGUARDED_AVAILABILITY = YES_AGGRESSIVE;
				CLANG_WARN_UNREACHABLE_CODE = YES;
				CLANG_WARN__DUPLICATE_METHOD_MATCH = YES;
				COPY_PHASE_STRIP = NO;
				DEBUG_INFORMATION_FORMAT = "dwarf-with-dsym";
				ENABLE_NS_ASSERTIONS = NO;
				ENABLE_STRICT_OBJC_MSGSEND = YES;
				GCC_C_LANGUAGE_STANDARD = gnu11;
				GCC_NO_COMMON_BLOCKS = YES;
				GCC_WARN_64_TO_32_BIT_CONVERSION = YES;
				GCC_WARN_ABOUT_RETURN_TYPE = YES_ERROR;
				GCC_WARN_UNDECLARED_SELECTOR = YES;
				GCC_WARN_UNINITIALIZED_AUTOS = YES_AGGRESSIVE;
				GCC_WARN_UNUSED_FUNCTION = YES;
				GCC_WARN_UNUSED_VARIABLE = YES;
				IPHONEOS_DEPLOYMENT_TARGET = 15.4;
				MTL_ENABLE_DEBUG_INFO = NO;
				MTL_FAST_MATH = YES;
				SDKROOT = iphoneos;
				SWIFT_COMPILATION_MODE = wholemodule;
				SWIFT_OPTIMIZATION_LEVEL = "-O";
				VALIDATE_PRODUCT = YES;
			};
			name = Release;
		};
		C9A430D1285C9CE200CC0678 /* Debug */ = {
			isa = XCBuildConfiguration;
			baseConfigurationReference = 6EAB1818C36119EB8C70015A /* Pods-FinanceApp.debug.xcconfig */;
			buildSettings = {
				ASSETCATALOG_COMPILER_APPICON_NAME = AppIcon;
				ASSETCATALOG_COMPILER_GLOBAL_ACCENT_COLOR_NAME = AccentColor;
				CODE_SIGN_STYLE = Automatic;
				CURRENT_PROJECT_VERSION = 1;
				DEVELOPMENT_TEAM = D83S694H27;
				GENERATE_INFOPLIST_FILE = YES;
				INFOPLIST_FILE = FinanceApp/Info.plist;
				INFOPLIST_KEY_UIApplicationSupportsIndirectInputEvents = YES;
				INFOPLIST_KEY_UILaunchStoryboardName = LaunchScreen;
				INFOPLIST_KEY_UIMainStoryboardFile = Main;
				INFOPLIST_KEY_UISupportedInterfaceOrientations_iPad = "UIInterfaceOrientationPortrait UIInterfaceOrientationPortraitUpsideDown UIInterfaceOrientationLandscapeLeft UIInterfaceOrientationLandscapeRight";
				INFOPLIST_KEY_UISupportedInterfaceOrientations_iPhone = "UIInterfaceOrientationPortrait UIInterfaceOrientationLandscapeLeft UIInterfaceOrientationLandscapeRight";
				LD_RUNPATH_SEARCH_PATHS = (
					"$(inherited)",
					"@executable_path/Frameworks",
				);
				MARKETING_VERSION = 1.0;
				PRODUCT_BUNDLE_IDENTIFIER = com.anadolubank.FinanceApp;
				PRODUCT_NAME = "$(TARGET_NAME)";
				SWIFT_EMIT_LOC_STRINGS = YES;
				SWIFT_VERSION = 5.0;
				TARGETED_DEVICE_FAMILY = "1,2";
			};
			name = Debug;
		};
		C9A430D2285C9CE200CC0678 /* Release */ = {
			isa = XCBuildConfiguration;
			baseConfigurationReference = 1E3A47EDCA35D59653B8E671 /* Pods-FinanceApp.release.xcconfig */;
			buildSettings = {
				ASSETCATALOG_COMPILER_APPICON_NAME = AppIcon;
				ASSETCATALOG_COMPILER_GLOBAL_ACCENT_COLOR_NAME = AccentColor;
				CODE_SIGN_STYLE = Automatic;
				CURRENT_PROJECT_VERSION = 1;
				DEVELOPMENT_TEAM = D83S694H27;
				GENERATE_INFOPLIST_FILE = YES;
				INFOPLIST_FILE = FinanceApp/Info.plist;
				INFOPLIST_KEY_UIApplicationSupportsIndirectInputEvents = YES;
				INFOPLIST_KEY_UILaunchStoryboardName = LaunchScreen;
				INFOPLIST_KEY_UIMainStoryboardFile = Main;
				INFOPLIST_KEY_UISupportedInterfaceOrientations_iPad = "UIInterfaceOrientationPortrait UIInterfaceOrientationPortraitUpsideDown UIInterfaceOrientationLandscapeLeft UIInterfaceOrientationLandscapeRight";
				INFOPLIST_KEY_UISupportedInterfaceOrientations_iPhone = "UIInterfaceOrientationPortrait UIInterfaceOrientationLandscapeLeft UIInterfaceOrientationLandscapeRight";
				LD_RUNPATH_SEARCH_PATHS = (
					"$(inherited)",
					"@executable_path/Frameworks",
				);
				MARKETING_VERSION = 1.0;
				PRODUCT_BUNDLE_IDENTIFIER = com.anadolubank.FinanceApp;
				PRODUCT_NAME = "$(TARGET_NAME)";
				SWIFT_EMIT_LOC_STRINGS = YES;
				SWIFT_VERSION = 5.0;
				TARGETED_DEVICE_FAMILY = "1,2";
			};
			name = Release;
		};
		C9A430D4285C9CE200CC0678 /* Debug */ = {
			isa = XCBuildConfiguration;
			baseConfigurationReference = 5657808E6685FF53BFB77606 /* Pods-FinanceAppTests.debug.xcconfig */;
			buildSettings = {
				ALWAYS_EMBED_SWIFT_STANDARD_LIBRARIES = YES;
				BUNDLE_LOADER = "$(TEST_HOST)";
				CODE_SIGN_STYLE = Automatic;
				CURRENT_PROJECT_VERSION = 1;
				DEVELOPMENT_TEAM = D83S694H27;
				GENERATE_INFOPLIST_FILE = YES;
				IPHONEOS_DEPLOYMENT_TARGET = 15.4;
				MARKETING_VERSION = 1.0;
				PRODUCT_BUNDLE_IDENTIFIER = com.anadolubank.FinanceAppTests;
				PRODUCT_NAME = "$(TARGET_NAME)";
				SWIFT_EMIT_LOC_STRINGS = NO;
				SWIFT_VERSION = 5.0;
				TARGETED_DEVICE_FAMILY = "1,2";
				TEST_HOST = "$(BUILT_PRODUCTS_DIR)/FinanceApp.app/FinanceApp";
			};
			name = Debug;
		};
		C9A430D5285C9CE200CC0678 /* Release */ = {
			isa = XCBuildConfiguration;
			baseConfigurationReference = DCA244B489A36AA023DA2240 /* Pods-FinanceAppTests.release.xcconfig */;
			buildSettings = {
				ALWAYS_EMBED_SWIFT_STANDARD_LIBRARIES = YES;
				BUNDLE_LOADER = "$(TEST_HOST)";
				CODE_SIGN_STYLE = Automatic;
				CURRENT_PROJECT_VERSION = 1;
				DEVELOPMENT_TEAM = D83S694H27;
				GENERATE_INFOPLIST_FILE = YES;
				IPHONEOS_DEPLOYMENT_TARGET = 15.4;
				MARKETING_VERSION = 1.0;
				PRODUCT_BUNDLE_IDENTIFIER = com.anadolubank.FinanceAppTests;
				PRODUCT_NAME = "$(TARGET_NAME)";
				SWIFT_EMIT_LOC_STRINGS = NO;
				SWIFT_VERSION = 5.0;
				TARGETED_DEVICE_FAMILY = "1,2";
				TEST_HOST = "$(BUILT_PRODUCTS_DIR)/FinanceApp.app/FinanceApp";
			};
			name = Release;
		};
		C9A430D7285C9CE200CC0678 /* Debug */ = {
			isa = XCBuildConfiguration;
			baseConfigurationReference = 09CC5FD81DB259DD0133F1E9 /* Pods-FinanceApp-FinanceAppUITests.debug.xcconfig */;
			buildSettings = {
				ALWAYS_EMBED_SWIFT_STANDARD_LIBRARIES = YES;
				CODE_SIGN_STYLE = Automatic;
				CURRENT_PROJECT_VERSION = 1;
				DEVELOPMENT_TEAM = D83S694H27;
				GENERATE_INFOPLIST_FILE = YES;
				MARKETING_VERSION = 1.0;
				PRODUCT_BUNDLE_IDENTIFIER = com.anadolubank.FinanceAppUITests;
				PRODUCT_NAME = "$(TARGET_NAME)";
				SWIFT_EMIT_LOC_STRINGS = NO;
				SWIFT_VERSION = 5.0;
				TARGETED_DEVICE_FAMILY = "1,2";
				TEST_TARGET_NAME = FinanceApp;
			};
			name = Debug;
		};
		C9A430D8285C9CE200CC0678 /* Release */ = {
			isa = XCBuildConfiguration;
			baseConfigurationReference = 4DB8101E448AEBB227E092C1 /* Pods-FinanceApp-FinanceAppUITests.release.xcconfig */;
			buildSettings = {
				ALWAYS_EMBED_SWIFT_STANDARD_LIBRARIES = YES;
				CODE_SIGN_STYLE = Automatic;
				CURRENT_PROJECT_VERSION = 1;
				DEVELOPMENT_TEAM = D83S694H27;
				GENERATE_INFOPLIST_FILE = YES;
				MARKETING_VERSION = 1.0;
				PRODUCT_BUNDLE_IDENTIFIER = com.anadolubank.FinanceAppUITests;
				PRODUCT_NAME = "$(TARGET_NAME)";
				SWIFT_EMIT_LOC_STRINGS = NO;
				SWIFT_VERSION = 5.0;
				TARGETED_DEVICE_FAMILY = "1,2";
				TEST_TARGET_NAME = FinanceApp;
			};
			name = Release;
		};
/* End XCBuildConfiguration section */

/* Begin XCConfigurationList section */
		C9A430A1285C9CE100CC0678 /* Build configuration list for PBXProject "FinanceApp" */ = {
			isa = XCConfigurationList;
			buildConfigurations = (
				C9A430CE285C9CE200CC0678 /* Debug */,
				C9A430CF285C9CE200CC0678 /* Release */,
			);
			defaultConfigurationIsVisible = 0;
			defaultConfigurationName = Release;
		};
		C9A430D0285C9CE200CC0678 /* Build configuration list for PBXNativeTarget "FinanceApp" */ = {
			isa = XCConfigurationList;
			buildConfigurations = (
				C9A430D1285C9CE200CC0678 /* Debug */,
				C9A430D2285C9CE200CC0678 /* Release */,
			);
			defaultConfigurationIsVisible = 0;
			defaultConfigurationName = Release;
		};
		C9A430D3285C9CE200CC0678 /* Build configuration list for PBXNativeTarget "FinanceAppTests" */ = {
			isa = XCConfigurationList;
			buildConfigurations = (
				C9A430D4285C9CE200CC0678 /* Debug */,
				C9A430D5285C9CE200CC0678 /* Release */,
			);
			defaultConfigurationIsVisible = 0;
			defaultConfigurationName = Release;
		};
		C9A430D6285C9CE200CC0678 /* Build configuration list for PBXNativeTarget "FinanceAppUITests" */ = {
			isa = XCConfigurationList;
			buildConfigurations = (
				C9A430D7285C9CE200CC0678 /* Debug */,
				C9A430D8285C9CE200CC0678 /* Release */,
			);
			defaultConfigurationIsVisible = 0;
			defaultConfigurationName = Release;
		};
/* End XCConfigurationList section */
	};
	rootObject = C9A4309E285C9CE100CC0678 /* Project object */;
}
